<?xml version="1.0" encoding="utf-8"?>
<Project ToolsVersion="17.0" xmlns="http://schemas.microsoft.com/developer/msbuild/2003">
  <ItemGroup>
    <ClCompile Include="C:\Users\carva\source\repos\carvalhocarlos\OpenSees\SRC\tagged\TaggedObject.cpp">
      <Filter>Source Files</Filter>
    </ClCompile>
    <ClCompile Include="C:\Users\carva\source\repos\carvalhocarlos\OpenSees\SRC\tagged\storage\ArrayOfTaggedObjects.cpp">
      <Filter>Source Files</Filter>
    </ClCompile>
    <ClCompile Include="C:\Users\carva\source\repos\carvalhocarlos\OpenSees\SRC\tagged\storage\ArrayOfTaggedObjectsIter.cpp">
      <Filter>Source Files</Filter>
    </ClCompile>
    <ClCompile Include="C:\Users\carva\source\repos\carvalhocarlos\OpenSees\SRC\tagged\storage\MapOfTaggedObjectsIter.cpp">
      <Filter>Source Files</Filter>
    </ClCompile>
    <ClCompile Include="C:\Users\carva\source\repos\carvalhocarlos\OpenSees\SRC\tagged\storage\MapOfTaggedObjects.cpp">
      <Filter>Source Files</Filter>
    </ClCompile>
  </ItemGroup>
  <ItemGroup>
    <ClInclude Include="C:\Users\carva\source\repos\carvalhocarlos\OpenSees\SRC\tagged\TaggedObject.h">
      <Filter>Header Files</Filter>
    </ClInclude>
    <ClInclude Include="C:\Users\carva\source\repos\carvalhocarlos\OpenSees\SRC\tagged\storage\ArrayOfTaggedObjects.h">
      <Filter>Header Files</Filter>
    </ClInclude>
    <ClInclude Include="C:\Users\carva\source\repos\carvalhocarlos\OpenSees\SRC\tagged\storage\ArrayOfTaggedObjectsIter.h">
      <Filter>Header Files</Filter>
    </ClInclude>
    <ClInclude Include="C:\Users\carva\source\repos\carvalhocarlos\OpenSees\SRC\tagged\storage\MapOfTaggedObjectsIter.h">
      <Filter>Header Files</Filter>
    </ClInclude>
    <ClInclude Include="C:\Users\carva\source\repos\carvalhocarlos\OpenSees\SRC\tagged\storage\MapOfTaggedObjects.h">
      <Filter>Header Files</Filter>
    </ClInclude>
  </ItemGroup>
  <ItemGroup>
    <CustomBuild Include="C:\Users\carva\source\repos\carvalhocarlos\OpenSees\CMakeLists.txt" />
  </ItemGroup>
  <ItemGroup>
    <Filter Include="Header Files">
      <UniqueIdentifier>{714A776C-966F-3E22-BB08-C56594A02E88}</UniqueIdentifier>
    </Filter>
    <Filter Include="Source Files">
      <UniqueIdentifier>{C200085A-6D08-330E-8C6D-DACE26C8DA8D}</UniqueIdentifier>
    </Filter>
  </ItemGroup>
</Project>
