<?xml version="1.0" encoding="utf-8"?>
<Project ToolsVersion="17.0" xmlns="http://schemas.microsoft.com/developer/msbuild/2003">
  <ItemGroup>
    <ClCompile Include="C:\Users\carva\source\repos\carvalhocarlos\OpenSees\SRC\recorder\DamageRecorder.cpp">
      <Filter>Source Files</Filter>
    </ClCompile>
    <ClCompile Include="C:\Users\carva\source\repos\carvalhocarlos\OpenSees\SRC\recorder\DatastoreRecorder.cpp">
      <Filter>Source Files</Filter>
    </ClCompile>
    <ClCompile Include="C:\Users\carva\source\repos\carvalhocarlos\OpenSees\SRC\recorder\DriftRecorder.cpp">
      <Filter>Source Files</Filter>
    </ClCompile>
    <ClCompile Include="C:\Users\carva\source\repos\carvalhocarlos\OpenSees\SRC\recorder\ElementRecorder.cpp">
      <Filter>Source Files</Filter>
    </ClCompile>
    <ClCompile Include="C:\Users\carva\source\repos\carvalhocarlos\OpenSees\SRC\recorder\ElementRecorderRMS.cpp">
      <Filter>Source Files</Filter>
    </ClCompile>
    <ClCompile Include="C:\Users\carva\source\repos\carvalhocarlos\OpenSees\SRC\recorder\EnvelopeDriftRecorder.cpp">
      <Filter>Source Files</Filter>
    </ClCompile>
    <ClCompile Include="C:\Users\carva\source\repos\carvalhocarlos\OpenSees\SRC\recorder\EnvelopeElementRecorder.cpp">
      <Filter>Source Files</Filter>
    </ClCompile>
    <ClCompile Include="C:\Users\carva\source\repos\carvalhocarlos\OpenSees\SRC\recorder\EnvelopeNodeRecorder.cpp">
      <Filter>Source Files</Filter>
    </ClCompile>
    <ClCompile Include="C:\Users\carva\source\repos\carvalhocarlos\OpenSees\SRC\recorder\GSA_Recorder.cpp">
      <Filter>Source Files</Filter>
    </ClCompile>
    <ClCompile Include="C:\Users\carva\source\repos\carvalhocarlos\OpenSees\SRC\recorder\GmshRecorder.cpp">
      <Filter>Source Files</Filter>
    </ClCompile>
    <ClCompile Include="C:\Users\carva\source\repos\carvalhocarlos\OpenSees\SRC\recorder\MaxNodeDispRecorder.cpp">
      <Filter>Source Files</Filter>
    </ClCompile>
    <ClCompile Include="C:\Users\carva\source\repos\carvalhocarlos\OpenSees\SRC\recorder\NodeRecorder.cpp">
      <Filter>Source Files</Filter>
    </ClCompile>
    <ClCompile Include="C:\Users\carva\source\repos\carvalhocarlos\OpenSees\SRC\recorder\NodeRecorderRMS.cpp">
      <Filter>Source Files</Filter>
    </ClCompile>
    <ClCompile Include="C:\Users\carva\source\repos\carvalhocarlos\OpenSees\SRC\recorder\NormElementRecorder.cpp">
      <Filter>Source Files</Filter>
    </ClCompile>
    <ClCompile Include="C:\Users\carva\source\repos\carvalhocarlos\OpenSees\SRC\recorder\NormEnvelopeElementRecorder.cpp">
      <Filter>Source Files</Filter>
    </ClCompile>
    <ClCompile Include="C:\Users\carva\source\repos\carvalhocarlos\OpenSees\SRC\recorder\PatternRecorder.cpp">
      <Filter>Source Files</Filter>
    </ClCompile>
    <ClCompile Include="C:\Users\carva\source\repos\carvalhocarlos\OpenSees\SRC\recorder\PVDRecorder.cpp">
      <Filter>Source Files</Filter>
    </ClCompile>
    <ClCompile Include="C:\Users\carva\source\repos\carvalhocarlos\OpenSees\SRC\recorder\Recorder.cpp">
      <Filter>Source Files</Filter>
    </ClCompile>
    <ClCompile Include="C:\Users\carva\source\repos\carvalhocarlos\OpenSees\SRC\recorder\RemoveRecorder.cpp">
      <Filter>Source Files</Filter>
    </ClCompile>
    <ClCompile Include="C:\Users\carva\source\repos\carvalhocarlos\OpenSees\SRC\recorder\VTK_Recorder.cpp">
      <Filter>Source Files</Filter>
    </ClCompile>
    <ClCompile Include="C:\Users\carva\source\repos\carvalhocarlos\OpenSees\SRC\recorder\MPCORecorder.cpp">
      <Filter>Source Files</Filter>
    </ClCompile>
    <ClCompile Include="C:\Users\carva\source\repos\carvalhocarlos\OpenSees\SRC\recorder\VTKHDF_Recorder.cpp">
      <Filter>Source Files</Filter>
    </ClCompile>
    <ClCompile Include="C:\Users\carva\source\repos\carvalhocarlos\OpenSees\SRC\recorder\response\Response.cpp">
      <Filter>Source Files</Filter>
    </ClCompile>
    <ClCompile Include="C:\Users\carva\source\repos\carvalhocarlos\OpenSees\SRC\recorder\response\MaterialResponse.cpp">
      <Filter>Source Files</Filter>
    </ClCompile>
    <ClCompile Include="C:\Users\carva\source\repos\carvalhocarlos\OpenSees\SRC\recorder\response\ElementResponse.cpp">
      <Filter>Source Files</Filter>
    </ClCompile>
    <ClCompile Include="C:\Users\carva\source\repos\carvalhocarlos\OpenSees\SRC\recorder\response\FiberResponse.cpp">
      <Filter>Source Files</Filter>
    </ClCompile>
    <ClCompile Include="C:\Users\carva\source\repos\carvalhocarlos\OpenSees\SRC\recorder\response\CompositeResponse.cpp">
      <Filter>Source Files</Filter>
    </ClCompile>
    <ClCompile Include="C:\Users\carva\source\repos\carvalhocarlos\OpenSees\SRC\recorder\response\CrdTransfResponse.cpp">
      <Filter>Source Files</Filter>
    </ClCompile>
  </ItemGroup>
  <ItemGroup>
    <ClInclude Include="C:\Users\carva\source\repos\carvalhocarlos\OpenSees\SRC\recorder\DamageRecorder.h">
      <Filter>Header Files</Filter>
    </ClInclude>
    <ClInclude Include="C:\Users\carva\source\repos\carvalhocarlos\OpenSees\SRC\recorder\DatastoreRecorder.h">
      <Filter>Header Files</Filter>
    </ClInclude>
    <ClInclude Include="C:\Users\carva\source\repos\carvalhocarlos\OpenSees\SRC\recorder\DriftRecorder.h">
      <Filter>Header Files</Filter>
    </ClInclude>
    <ClInclude Include="C:\Users\carva\source\repos\carvalhocarlos\OpenSees\SRC\recorder\ElementRecorder.h">
      <Filter>Header Files</Filter>
    </ClInclude>
    <ClInclude Include="C:\Users\carva\source\repos\carvalhocarlos\OpenSees\SRC\recorder\ElementRecorderRMS.h">
      <Filter>Header Files</Filter>
    </ClInclude>
    <ClInclude Include="C:\Users\carva\source\repos\carvalhocarlos\OpenSees\SRC\recorder\EnvelopeDriftRecorder.h">
      <Filter>Header Files</Filter>
    </ClInclude>
    <ClInclude Include="C:\Users\carva\source\repos\carvalhocarlos\OpenSees\SRC\recorder\EnvelopeElementRecorder.h">
      <Filter>Header Files</Filter>
    </ClInclude>
    <ClInclude Include="C:\Users\carva\source\repos\carvalhocarlos\OpenSees\SRC\recorder\EnvelopeNodeRecorder.h">
      <Filter>Header Files</Filter>
    </ClInclude>
    <ClInclude Include="C:\Users\carva\source\repos\carvalhocarlos\OpenSees\SRC\recorder\GSA_Recorder.h">
      <Filter>Header Files</Filter>
    </ClInclude>
    <ClInclude Include="C:\Users\carva\source\repos\carvalhocarlos\OpenSees\SRC\recorder\GmshRecorder.h">
      <Filter>Header Files</Filter>
    </ClInclude>
    <ClInclude Include="C:\Users\carva\source\repos\carvalhocarlos\OpenSees\SRC\recorder\MaxNodeDispRecorder.h">
      <Filter>Header Files</Filter>
    </ClInclude>
    <ClInclude Include="C:\Users\carva\source\repos\carvalhocarlos\OpenSees\SRC\recorder\NodeRecorder.h">
      <Filter>Header Files</Filter>
    </ClInclude>
    <ClInclude Include="C:\Users\carva\source\repos\carvalhocarlos\OpenSees\SRC\recorder\NodeRecorderRMS.h">
      <Filter>Header Files</Filter>
    </ClInclude>
    <ClInclude Include="C:\Users\carva\source\repos\carvalhocarlos\OpenSees\SRC\recorder\NormElementRecorder.h">
      <Filter>Header Files</Filter>
    </ClInclude>
    <ClInclude Include="C:\Users\carva\source\repos\carvalhocarlos\OpenSees\SRC\recorder\NormEnvelopeElementRecorder.h">
      <Filter>Header Files</Filter>
    </ClInclude>
    <ClInclude Include="C:\Users\carva\source\repos\carvalhocarlos\OpenSees\SRC\recorder\PatternRecorder.h">
      <Filter>Header Files</Filter>
    </ClInclude>
    <ClInclude Include="C:\Users\carva\source\repos\carvalhocarlos\OpenSees\SRC\recorder\PVDRecorder.h">
      <Filter>Header Files</Filter>
    </ClInclude>
    <ClInclude Include="C:\Users\carva\source\repos\carvalhocarlos\OpenSees\SRC\recorder\Recorder.h">
      <Filter>Header Files</Filter>
    </ClInclude>
    <ClInclude Include="C:\Users\carva\source\repos\carvalhocarlos\OpenSees\SRC\recorder\RemoveRecorder.h">
      <Filter>Header Files</Filter>
    </ClInclude>
    <ClInclude Include="C:\Users\carva\source\repos\carvalhocarlos\OpenSees\SRC\recorder\VTK_Recorder.h">
      <Filter>Header Files</Filter>
    </ClInclude>
    <ClInclude Include="C:\Users\carva\source\repos\carvalhocarlos\OpenSees\SRC\recorder\MPCORecorder.h">
      <Filter>Header Files</Filter>
    </ClInclude>
    <ClInclude Include="C:\Users\carva\source\repos\carvalhocarlos\OpenSees\SRC\recorder\VTKHDF_Recorder.h">
      <Filter>Header Files</Filter>
    </ClInclude>
    <ClInclude Include="C:\Users\carva\source\repos\carvalhocarlos\OpenSees\SRC\recorder\response\Response.h">
      <Filter>Header Files</Filter>
    </ClInclude>
    <ClInclude Include="C:\Users\carva\source\repos\carvalhocarlos\OpenSees\SRC\recorder\response\MaterialResponse.h">
      <Filter>Header Files</Filter>
    </ClInclude>
    <ClInclude Include="C:\Users\carva\source\repos\carvalhocarlos\OpenSees\SRC\recorder\response\ElementResponse.h">
      <Filter>Header Files</Filter>
    </ClInclude>
    <ClInclude Include="C:\Users\carva\source\repos\carvalhocarlos\OpenSees\SRC\recorder\response\FiberResponse.h">
      <Filter>Header Files</Filter>
    </ClInclude>
    <ClInclude Include="C:\Users\carva\source\repos\carvalhocarlos\OpenSees\SRC\recorder\response\CompositeResponse.h">
      <Filter>Header Files</Filter>
    </ClInclude>
    <ClInclude Include="C:\Users\carva\source\repos\carvalhocarlos\OpenSees\SRC\recorder\response\CrdTransfResponse.h">
      <Filter>Header Files</Filter>
    </ClInclude>
  </ItemGroup>
  <ItemGroup>
    <CustomBuild Include="C:\Users\carva\source\repos\carvalhocarlos\OpenSees\CMakeLists.txt" />
  </ItemGroup>
  <ItemGroup>
    <Filter Include="Header Files">
      <UniqueIdentifier>{714A776C-966F-3E22-BB08-C56594A02E88}</UniqueIdentifier>
    </Filter>
    <Filter Include="Source Files">
      <UniqueIdentifier>{C200085A-6D08-330E-8C6D-DACE26C8DA8D}</UniqueIdentifier>
    </Filter>
  </ItemGroup>
</Project>
