<?xml version="1.0" encoding="utf-8"?>
<Project ToolsVersion="17.0" xmlns="http://schemas.microsoft.com/developer/msbuild/2003">
  <ItemGroup>
    <ClCompile Include="C:\Users\carva\source\repos\carvalhocarlos\OpenSees\SRC\material\section\repres\cell\Cell.cpp">
      <Filter>Source Files</Filter>
    </ClCompile>
    <ClCompile Include="C:\Users\carva\source\repos\carvalhocarlos\OpenSees\SRC\material\section\repres\cell\CircSectionCell.cpp">
      <Filter>Source Files</Filter>
    </ClCompile>
    <ClCompile Include="C:\Users\carva\source\repos\carvalhocarlos\OpenSees\SRC\material\section\repres\cell\QuadCell.cpp">
      <Filter>Source Files</Filter>
    </ClCompile>
    <ClCompile Include="C:\Users\carva\source\repos\carvalhocarlos\OpenSees\SRC\material\section\repres\patch\CircPatch.cpp">
      <Filter>Source Files</Filter>
    </ClCompile>
    <ClCompile Include="C:\Users\carva\source\repos\carvalhocarlos\OpenSees\SRC\material\section\repres\patch\Patch.cpp">
      <Filter>Source Files</Filter>
    </ClCompile>
    <ClCompile Include="C:\Users\carva\source\repos\carvalhocarlos\OpenSees\SRC\material\section\repres\patch\QuadPatch.cpp">
      <Filter>Source Files</Filter>
    </ClCompile>
    <ClCompile Include="C:\Users\carva\source\repos\carvalhocarlos\OpenSees\SRC\material\section\repres\reinfBar\ReinfBar.cpp">
      <Filter>Source Files</Filter>
    </ClCompile>
    <ClCompile Include="C:\Users\carva\source\repos\carvalhocarlos\OpenSees\SRC\material\section\repres\reinfLayer\CircReinfLayer.cpp">
      <Filter>Source Files</Filter>
    </ClCompile>
    <ClCompile Include="C:\Users\carva\source\repos\carvalhocarlos\OpenSees\SRC\material\section\repres\reinfLayer\ReinfLayer.cpp">
      <Filter>Source Files</Filter>
    </ClCompile>
    <ClCompile Include="C:\Users\carva\source\repos\carvalhocarlos\OpenSees\SRC\material\section\repres\reinfLayer\StraightReinfLayer.cpp">
      <Filter>Source Files</Filter>
    </ClCompile>
    <ClCompile Include="C:\Users\carva\source\repos\carvalhocarlos\OpenSees\SRC\material\section\repres\section\FiberSectionRepr.cpp">
      <Filter>Source Files</Filter>
    </ClCompile>
    <ClCompile Include="C:\Users\carva\source\repos\carvalhocarlos\OpenSees\SRC\material\section\repres\section\SectionRepres.cpp">
      <Filter>Source Files</Filter>
    </ClCompile>
  </ItemGroup>
  <ItemGroup>
    <ClInclude Include="C:\Users\carva\source\repos\carvalhocarlos\OpenSees\SRC\material\section\repres\cell\Cell.h">
      <Filter>Header Files</Filter>
    </ClInclude>
    <ClInclude Include="C:\Users\carva\source\repos\carvalhocarlos\OpenSees\SRC\material\section\repres\cell\CircSectionCell.h">
      <Filter>Header Files</Filter>
    </ClInclude>
    <ClInclude Include="C:\Users\carva\source\repos\carvalhocarlos\OpenSees\SRC\material\section\repres\cell\QuadCell.h">
      <Filter>Header Files</Filter>
    </ClInclude>
    <ClInclude Include="C:\Users\carva\source\repos\carvalhocarlos\OpenSees\SRC\material\section\repres\patch\CircPatch.h">
      <Filter>Header Files</Filter>
    </ClInclude>
    <ClInclude Include="C:\Users\carva\source\repos\carvalhocarlos\OpenSees\SRC\material\section\repres\patch\Patch.h">
      <Filter>Header Files</Filter>
    </ClInclude>
    <ClInclude Include="C:\Users\carva\source\repos\carvalhocarlos\OpenSees\SRC\material\section\repres\patch\QuadPatch.h">
      <Filter>Header Files</Filter>
    </ClInclude>
    <ClInclude Include="C:\Users\carva\source\repos\carvalhocarlos\OpenSees\SRC\material\section\repres\reinfBar\ReinfBar.h">
      <Filter>Header Files</Filter>
    </ClInclude>
    <ClInclude Include="C:\Users\carva\source\repos\carvalhocarlos\OpenSees\SRC\material\section\repres\reinfLayer\CircReinfLayer.h">
      <Filter>Header Files</Filter>
    </ClInclude>
    <ClInclude Include="C:\Users\carva\source\repos\carvalhocarlos\OpenSees\SRC\material\section\repres\reinfLayer\ReinfLayer.h">
      <Filter>Header Files</Filter>
    </ClInclude>
    <ClInclude Include="C:\Users\carva\source\repos\carvalhocarlos\OpenSees\SRC\material\section\repres\reinfLayer\StraightReinfLayer.h">
      <Filter>Header Files</Filter>
    </ClInclude>
    <ClInclude Include="C:\Users\carva\source\repos\carvalhocarlos\OpenSees\SRC\material\section\repres\section\FiberSectionRepr.h">
      <Filter>Header Files</Filter>
    </ClInclude>
    <ClInclude Include="C:\Users\carva\source\repos\carvalhocarlos\OpenSees\SRC\material\section\repres\section\SectionRepres.h">
      <Filter>Header Files</Filter>
    </ClInclude>
  </ItemGroup>
  <ItemGroup>
    <CustomBuild Include="C:\Users\carva\source\repos\carvalhocarlos\OpenSees\SRC\material\section\repres\CMakeLists.txt" />
  </ItemGroup>
  <ItemGroup>
    <Filter Include="Header Files">
      <UniqueIdentifier>{714A776C-966F-3E22-BB08-C56594A02E88}</UniqueIdentifier>
    </Filter>
    <Filter Include="Source Files">
      <UniqueIdentifier>{C200085A-6D08-330E-8C6D-DACE26C8DA8D}</UniqueIdentifier>
    </Filter>
  </ItemGroup>
</Project>
