<?xml version="1.0" encoding="utf-8"?>
<Project ToolsVersion="17.0" xmlns="http://schemas.microsoft.com/developer/msbuild/2003">
  <ItemGroup>
    <ClCompile Include="C:\Users\carva\source\repos\carvalhocarlos\OpenSees\OTHER\UMFPACK\umf_assemble.c">
      <Filter>Source Files</Filter>
    </ClCompile>
    <ClCompile Include="C:\Users\carva\source\repos\carvalhocarlos\OpenSees\OTHER\UMFPACK\umf_blas3_update.c">
      <Filter>Source Files</Filter>
    </ClCompile>
    <ClCompile Include="C:\Users\carva\source\repos\carvalhocarlos\OpenSees\OTHER\UMFPACK\umf_build_tuples.c">
      <Filter>Source Files</Filter>
    </ClCompile>
    <ClCompile Include="C:\Users\carva\source\repos\carvalhocarlos\OpenSees\OTHER\UMFPACK\umf_create_element.c">
      <Filter>Source Files</Filter>
    </ClCompile>
    <ClCompile Include="C:\Users\carva\source\repos\carvalhocarlos\OpenSees\OTHER\UMFPACK\umf_extend_front.c">
      <Filter>Source Files</Filter>
    </ClCompile>
    <ClCompile Include="C:\Users\carva\source\repos\carvalhocarlos\OpenSees\OTHER\UMFPACK\umf_garbage_collection.c">
      <Filter>Source Files</Filter>
    </ClCompile>
    <ClCompile Include="C:\Users\carva\source\repos\carvalhocarlos\OpenSees\OTHER\UMFPACK\umf_get_memory.c">
      <Filter>Source Files</Filter>
    </ClCompile>
    <ClCompile Include="C:\Users\carva\source\repos\carvalhocarlos\OpenSees\OTHER\UMFPACK\umf_init_front.c">
      <Filter>Source Files</Filter>
    </ClCompile>
    <ClCompile Include="C:\Users\carva\source\repos\carvalhocarlos\OpenSees\OTHER\UMFPACK\umf_kernel.c">
      <Filter>Source Files</Filter>
    </ClCompile>
    <ClCompile Include="C:\Users\carva\source\repos\carvalhocarlos\OpenSees\OTHER\UMFPACK\umf_kernel_init.c">
      <Filter>Source Files</Filter>
    </ClCompile>
    <ClCompile Include="C:\Users\carva\source\repos\carvalhocarlos\OpenSees\OTHER\UMFPACK\umf_kernel_wrapup.c">
      <Filter>Source Files</Filter>
    </ClCompile>
    <ClCompile Include="C:\Users\carva\source\repos\carvalhocarlos\OpenSees\OTHER\UMFPACK\umf_local_search.c">
      <Filter>Source Files</Filter>
    </ClCompile>
    <ClCompile Include="C:\Users\carva\source\repos\carvalhocarlos\OpenSees\OTHER\UMFPACK\umf_lsolve.c">
      <Filter>Source Files</Filter>
    </ClCompile>
    <ClCompile Include="C:\Users\carva\source\repos\carvalhocarlos\OpenSees\OTHER\UMFPACK\umf_ltsolve.c">
      <Filter>Source Files</Filter>
    </ClCompile>
    <ClCompile Include="C:\Users\carva\source\repos\carvalhocarlos\OpenSees\OTHER\UMFPACK\umf_mem_alloc_element.c">
      <Filter>Source Files</Filter>
    </ClCompile>
    <ClCompile Include="C:\Users\carva\source\repos\carvalhocarlos\OpenSees\OTHER\UMFPACK\umf_mem_alloc_head_block.c">
      <Filter>Source Files</Filter>
    </ClCompile>
    <ClCompile Include="C:\Users\carva\source\repos\carvalhocarlos\OpenSees\OTHER\UMFPACK\umf_mem_alloc_tail_block.c">
      <Filter>Source Files</Filter>
    </ClCompile>
    <ClCompile Include="C:\Users\carva\source\repos\carvalhocarlos\OpenSees\OTHER\UMFPACK\umf_mem_free_tail_block.c">
      <Filter>Source Files</Filter>
    </ClCompile>
    <ClCompile Include="C:\Users\carva\source\repos\carvalhocarlos\OpenSees\OTHER\UMFPACK\umf_mem_init_memoryspace.c">
      <Filter>Source Files</Filter>
    </ClCompile>
    <ClCompile Include="C:\Users\carva\source\repos\carvalhocarlos\OpenSees\OTHER\UMFPACK\umf_report_vector.c">
      <Filter>Source Files</Filter>
    </ClCompile>
    <ClCompile Include="C:\Users\carva\source\repos\carvalhocarlos\OpenSees\OTHER\UMFPACK\umf_row_search.c">
      <Filter>Source Files</Filter>
    </ClCompile>
    <ClCompile Include="C:\Users\carva\source\repos\carvalhocarlos\OpenSees\OTHER\UMFPACK\umf_scale_column.c">
      <Filter>Source Files</Filter>
    </ClCompile>
    <ClCompile Include="C:\Users\carva\source\repos\carvalhocarlos\OpenSees\OTHER\UMFPACK\umf_set_stats.c">
      <Filter>Source Files</Filter>
    </ClCompile>
    <ClCompile Include="C:\Users\carva\source\repos\carvalhocarlos\OpenSees\OTHER\UMFPACK\umf_solve.c">
      <Filter>Source Files</Filter>
    </ClCompile>
    <ClCompile Include="C:\Users\carva\source\repos\carvalhocarlos\OpenSees\OTHER\UMFPACK\umf_symbolic_usage.c">
      <Filter>Source Files</Filter>
    </ClCompile>
    <ClCompile Include="C:\Users\carva\source\repos\carvalhocarlos\OpenSees\OTHER\UMFPACK\umf_transpose.c">
      <Filter>Source Files</Filter>
    </ClCompile>
    <ClCompile Include="C:\Users\carva\source\repos\carvalhocarlos\OpenSees\OTHER\UMFPACK\umf_tuple_lengths.c">
      <Filter>Source Files</Filter>
    </ClCompile>
    <ClCompile Include="C:\Users\carva\source\repos\carvalhocarlos\OpenSees\OTHER\UMFPACK\umf_usolve.c">
      <Filter>Source Files</Filter>
    </ClCompile>
    <ClCompile Include="C:\Users\carva\source\repos\carvalhocarlos\OpenSees\OTHER\UMFPACK\umf_utsolve.c">
      <Filter>Source Files</Filter>
    </ClCompile>
    <ClCompile Include="C:\Users\carva\source\repos\carvalhocarlos\OpenSees\OTHER\UMFPACK\umf_valid_numeric.c">
      <Filter>Source Files</Filter>
    </ClCompile>
    <ClCompile Include="C:\Users\carva\source\repos\carvalhocarlos\OpenSees\OTHER\UMFPACK\umf_valid_symbolic.c">
      <Filter>Source Files</Filter>
    </ClCompile>
    <ClCompile Include="C:\Users\carva\source\repos\carvalhocarlos\OpenSees\OTHER\UMFPACK\umf_grow_front.c">
      <Filter>Source Files</Filter>
    </ClCompile>
    <ClCompile Include="C:\Users\carva\source\repos\carvalhocarlos\OpenSees\OTHER\UMFPACK\umf_start_front.c">
      <Filter>Source Files</Filter>
    </ClCompile>
    <ClCompile Include="C:\Users\carva\source\repos\carvalhocarlos\OpenSees\OTHER\UMFPACK\umf_store_lu.c">
      <Filter>Source Files</Filter>
    </ClCompile>
    <ClCompile Include="C:\Users\carva\source\repos\carvalhocarlos\OpenSees\OTHER\UMFPACK\umf_scale.c">
      <Filter>Source Files</Filter>
    </ClCompile>
  </ItemGroup>
  <ItemGroup>
    <CustomBuild Include="C:\Users\carva\source\repos\carvalhocarlos\OpenSees\OTHER\UMFPACK\CMakeLists.txt" />
  </ItemGroup>
  <ItemGroup>
    <Filter Include="Source Files">
      <UniqueIdentifier>{C200085A-6D08-330E-8C6D-DACE26C8DA8D}</UniqueIdentifier>
    </Filter>
  </ItemGroup>
</Project>
