<?xml version="1.0" encoding="utf-8"?>
<Project ToolsVersion="17.0" xmlns="http://schemas.microsoft.com/developer/msbuild/2003">
  <ItemGroup>
    <ClCompile Include="C:\Users\carva\source\repos\carvalhocarlos\OpenSees\OTHER\METIS\coarsen.c">
      <Filter>Source Files</Filter>
    </ClCompile>
    <ClCompile Include="C:\Users\carva\source\repos\carvalhocarlos\OpenSees\OTHER\METIS\fm.c">
      <Filter>Source Files</Filter>
    </ClCompile>
    <ClCompile Include="C:\Users\carva\source\repos\carvalhocarlos\OpenSees\OTHER\METIS\initpart.c">
      <Filter>Source Files</Filter>
    </ClCompile>
    <ClCompile Include="C:\Users\carva\source\repos\carvalhocarlos\OpenSees\OTHER\METIS\match.c">
      <Filter>Source Files</Filter>
    </ClCompile>
    <ClCompile Include="C:\Users\carva\source\repos\carvalhocarlos\OpenSees\OTHER\METIS\ccgraph.c">
      <Filter>Source Files</Filter>
    </ClCompile>
    <ClCompile Include="C:\Users\carva\source\repos\carvalhocarlos\OpenSees\OTHER\METIS\memory.c">
      <Filter>Source Files</Filter>
    </ClCompile>
    <ClCompile Include="C:\Users\carva\source\repos\carvalhocarlos\OpenSees\OTHER\METIS\pmetis.c">
      <Filter>Source Files</Filter>
    </ClCompile>
    <ClCompile Include="C:\Users\carva\source\repos\carvalhocarlos\OpenSees\OTHER\METIS\pqueue.c">
      <Filter>Source Files</Filter>
    </ClCompile>
    <ClCompile Include="C:\Users\carva\source\repos\carvalhocarlos\OpenSees\OTHER\METIS\refine.c">
      <Filter>Source Files</Filter>
    </ClCompile>
    <ClCompile Include="C:\Users\carva\source\repos\carvalhocarlos\OpenSees\OTHER\METIS\util.c">
      <Filter>Source Files</Filter>
    </ClCompile>
    <ClCompile Include="C:\Users\carva\source\repos\carvalhocarlos\OpenSees\OTHER\METIS\timing.c">
      <Filter>Source Files</Filter>
    </ClCompile>
    <ClCompile Include="C:\Users\carva\source\repos\carvalhocarlos\OpenSees\OTHER\METIS\debug.c">
      <Filter>Source Files</Filter>
    </ClCompile>
    <ClCompile Include="C:\Users\carva\source\repos\carvalhocarlos\OpenSees\OTHER\METIS\bucketsort.c">
      <Filter>Source Files</Filter>
    </ClCompile>
    <ClCompile Include="C:\Users\carva\source\repos\carvalhocarlos\OpenSees\OTHER\METIS\graph.c">
      <Filter>Source Files</Filter>
    </ClCompile>
    <ClCompile Include="C:\Users\carva\source\repos\carvalhocarlos\OpenSees\OTHER\METIS\stat.c">
      <Filter>Source Files</Filter>
    </ClCompile>
    <ClCompile Include="C:\Users\carva\source\repos\carvalhocarlos\OpenSees\OTHER\METIS\kmetis.c">
      <Filter>Source Files</Filter>
    </ClCompile>
    <ClCompile Include="C:\Users\carva\source\repos\carvalhocarlos\OpenSees\OTHER\METIS\kwayrefine.c">
      <Filter>Source Files</Filter>
    </ClCompile>
    <ClCompile Include="C:\Users\carva\source\repos\carvalhocarlos\OpenSees\OTHER\METIS\kwayfm.c">
      <Filter>Source Files</Filter>
    </ClCompile>
    <ClCompile Include="C:\Users\carva\source\repos\carvalhocarlos\OpenSees\OTHER\METIS\balance.c">
      <Filter>Source Files</Filter>
    </ClCompile>
    <ClCompile Include="C:\Users\carva\source\repos\carvalhocarlos\OpenSees\OTHER\METIS\srefine.c">
      <Filter>Source Files</Filter>
    </ClCompile>
    <ClCompile Include="C:\Users\carva\source\repos\carvalhocarlos\OpenSees\OTHER\METIS\sfm.c">
      <Filter>Source Files</Filter>
    </ClCompile>
    <ClCompile Include="C:\Users\carva\source\repos\carvalhocarlos\OpenSees\OTHER\METIS\separator.c">
      <Filter>Source Files</Filter>
    </ClCompile>
    <ClCompile Include="C:\Users\carva\source\repos\carvalhocarlos\OpenSees\OTHER\METIS\mincover.c">
      <Filter>Source Files</Filter>
    </ClCompile>
    <ClCompile Include="C:\Users\carva\source\repos\carvalhocarlos\OpenSees\OTHER\METIS\mmd.c">
      <Filter>Source Files</Filter>
    </ClCompile>
    <ClCompile Include="C:\Users\carva\source\repos\carvalhocarlos\OpenSees\OTHER\METIS\mesh.c">
      <Filter>Source Files</Filter>
    </ClCompile>
    <ClCompile Include="C:\Users\carva\source\repos\carvalhocarlos\OpenSees\OTHER\METIS\meshpart.c">
      <Filter>Source Files</Filter>
    </ClCompile>
    <ClCompile Include="C:\Users\carva\source\repos\carvalhocarlos\OpenSees\OTHER\METIS\frename.c">
      <Filter>Source Files</Filter>
    </ClCompile>
    <ClCompile Include="C:\Users\carva\source\repos\carvalhocarlos\OpenSees\OTHER\METIS\fortran.c">
      <Filter>Source Files</Filter>
    </ClCompile>
    <ClCompile Include="C:\Users\carva\source\repos\carvalhocarlos\OpenSees\OTHER\METIS\myqsort.c">
      <Filter>Source Files</Filter>
    </ClCompile>
    <ClCompile Include="C:\Users\carva\source\repos\carvalhocarlos\OpenSees\OTHER\METIS\compress.c">
      <Filter>Source Files</Filter>
    </ClCompile>
    <ClCompile Include="C:\Users\carva\source\repos\carvalhocarlos\OpenSees\OTHER\METIS\parmetis.c">
      <Filter>Source Files</Filter>
    </ClCompile>
    <ClCompile Include="C:\Users\carva\source\repos\carvalhocarlos\OpenSees\OTHER\METIS\estmem.c">
      <Filter>Source Files</Filter>
    </ClCompile>
    <ClCompile Include="C:\Users\carva\source\repos\carvalhocarlos\OpenSees\OTHER\METIS\mpmetis.c">
      <Filter>Source Files</Filter>
    </ClCompile>
    <ClCompile Include="C:\Users\carva\source\repos\carvalhocarlos\OpenSees\OTHER\METIS\mcoarsen.c">
      <Filter>Source Files</Filter>
    </ClCompile>
    <ClCompile Include="C:\Users\carva\source\repos\carvalhocarlos\OpenSees\OTHER\METIS\mmatch.c">
      <Filter>Source Files</Filter>
    </ClCompile>
    <ClCompile Include="C:\Users\carva\source\repos\carvalhocarlos\OpenSees\OTHER\METIS\minitpart.c">
      <Filter>Source Files</Filter>
    </ClCompile>
    <ClCompile Include="C:\Users\carva\source\repos\carvalhocarlos\OpenSees\OTHER\METIS\mbalance.c">
      <Filter>Source Files</Filter>
    </ClCompile>
    <ClCompile Include="C:\Users\carva\source\repos\carvalhocarlos\OpenSees\OTHER\METIS\mrefine.c">
      <Filter>Source Files</Filter>
    </ClCompile>
    <ClCompile Include="C:\Users\carva\source\repos\carvalhocarlos\OpenSees\OTHER\METIS\mutil.c">
      <Filter>Source Files</Filter>
    </ClCompile>
    <ClCompile Include="C:\Users\carva\source\repos\carvalhocarlos\OpenSees\OTHER\METIS\mfm.c">
      <Filter>Source Files</Filter>
    </ClCompile>
    <ClCompile Include="C:\Users\carva\source\repos\carvalhocarlos\OpenSees\OTHER\METIS\mkmetis.c">
      <Filter>Source Files</Filter>
    </ClCompile>
    <ClCompile Include="C:\Users\carva\source\repos\carvalhocarlos\OpenSees\OTHER\METIS\mkwayrefine.c">
      <Filter>Source Files</Filter>
    </ClCompile>
    <ClCompile Include="C:\Users\carva\source\repos\carvalhocarlos\OpenSees\OTHER\METIS\mkwayfmh.c">
      <Filter>Source Files</Filter>
    </ClCompile>
    <ClCompile Include="C:\Users\carva\source\repos\carvalhocarlos\OpenSees\OTHER\METIS\mrefine2.c">
      <Filter>Source Files</Filter>
    </ClCompile>
    <ClCompile Include="C:\Users\carva\source\repos\carvalhocarlos\OpenSees\OTHER\METIS\minitpart2.c">
      <Filter>Source Files</Filter>
    </ClCompile>
    <ClCompile Include="C:\Users\carva\source\repos\carvalhocarlos\OpenSees\OTHER\METIS\mbalance2.c">
      <Filter>Source Files</Filter>
    </ClCompile>
    <ClCompile Include="C:\Users\carva\source\repos\carvalhocarlos\OpenSees\OTHER\METIS\mfm2.c">
      <Filter>Source Files</Filter>
    </ClCompile>
    <ClCompile Include="C:\Users\carva\source\repos\carvalhocarlos\OpenSees\OTHER\METIS\kvmetis.c">
      <Filter>Source Files</Filter>
    </ClCompile>
    <ClCompile Include="C:\Users\carva\source\repos\carvalhocarlos\OpenSees\OTHER\METIS\kwayvolrefine.c">
      <Filter>Source Files</Filter>
    </ClCompile>
    <ClCompile Include="C:\Users\carva\source\repos\carvalhocarlos\OpenSees\OTHER\METIS\kwayvolfm.c">
      <Filter>Source Files</Filter>
    </ClCompile>
    <ClCompile Include="C:\Users\carva\source\repos\carvalhocarlos\OpenSees\OTHER\METIS\subdomains.c">
      <Filter>Source Files</Filter>
    </ClCompile>
    <ClCompile Include="C:\Users\carva\source\repos\carvalhocarlos\OpenSees\OTHER\METIS\ometis.c">
      <Filter>Source Files</Filter>
    </ClCompile>
  </ItemGroup>
  <ItemGroup>
    <CustomBuild Include="C:\Users\carva\source\repos\carvalhocarlos\OpenSees\OTHER\METIS\CMakeLists.txt" />
  </ItemGroup>
  <ItemGroup>
    <Filter Include="Source Files">
      <UniqueIdentifier>{C200085A-6D08-330E-8C6D-DACE26C8DA8D}</UniqueIdentifier>
    </Filter>
  </ItemGroup>
</Project>
