<?xml version="1.0" encoding="utf-8"?>
<Project ToolsVersion="17.0" xmlns="http://schemas.microsoft.com/developer/msbuild/2003">
  <ItemGroup>
    <CustomBuild Include="C:\Users\carva\source\repos\carvalhocarlos\OpenSees\CMakeFiles\e91bee74880a89055aa9d2cabfb9c17a\INSTALL_force.rule">
      <Filter>CMake Rules</Filter>
    </CustomBuild>
  </ItemGroup>
  <ItemGroup>
    <Filter Include="CMake Rules">
      <UniqueIdentifier>{4002EAFA-B854-3A0B-9016-FF3BD75C7204}</UniqueIdentifier>
    </Filter>
  </ItemGroup>
</Project>
